
Microsoft Visual Studio Solution File, Format Version 10.00
# Visual Studio 2008
Project("{8BC9CEB8-8B4A-11D0-8D11-00A0C91BC942}") = "Test_Vs2008_190306", "Test_Vs2008_190306\Test_Vs2008_190306.vcproj", "{915A2EE4-3E55-448C-8B2B-7537BB8086FC}"
EndProject
Global
	GlobalSection(SolutionConfigurationPlatforms) = preSolution
		Debug|Win32 = Debug|Win32
		Release|Win32 = Release|Win32
	EndGlobalSection
	GlobalSection(ProjectConfigurationPlatforms) = postSolution
		{915A2EE4-3E55-448C-8B2B-7537BB8086FC}.Debug|Win32.ActiveCfg = Debug|Win32
		{915A2EE4-3E55-448C-8B2B-7537BB8086FC}.Debug|Win32.Build.0 = Debug|Win32
		{915A2EE4-3E55-448C-8B2B-7537BB8086FC}.Release|Win32.ActiveCfg = Release|Win32
		{915A2EE4-3E55-448C-8B2B-7537BB8086FC}.Release|Win32.Build.0 = Release|Win32
	EndGlobalSection
	GlobalSection(SolutionProperties) = preSolution
		HideSolutionNode = FALSE
	EndGlobalSection
EndGlobal
